// !$*UTF8*$!
{
	archiveVersion = 1;
	classes = {
	};
	objectVersion = 46;
	objects = {

/* Begin PBXBuildFile section */
		6D62BA811CCEF823009D6061 /* AppDelegate.swift in Sources */ = {isa = PBXBuildFile; fileRef = 6D62BA801CCEF823009D6061 /* AppDelegate.swift */; };
		6D62BA831CCEF823009D6061 /* ViewController.swift in Sources */ = {isa = PBXBuildFile; fileRef = 6D62BA821CCEF823009D6061 /* ViewController.swift */; };
		6D62BA861CCEF823009D6061 /* Main.storyboard in Resources */ = {isa = PBXBuildFile; fileRef = 6D62BA841CCEF823009D6061 /* Main.storyboard */; };
		6D62BA891CCEF823009D6061 /* KidJson.xcdatamodeld in Sources */ = {isa = PBXBuildFile; fileRef = 6D62BA871CCEF823009D6061 /* KidJson.xcdatamodeld */; };
		6D62BA8B1CCEF823009D6061 /* Assets.xcassets in Resources */ = {isa = PBXBuildFile; fileRef = 6D62BA8A1CCEF823009D6061 /* Assets.xcassets */; };
		6D62BA8E1CCEF823009D6061 /* LaunchScreen.storyboard in Resources */ = {isa = PBXBuildFile; fileRef = 6D62BA8C1CCEF823009D6061 /* LaunchScreen.storyboard */; };
		6D62BA981CCEF846009D6061 /* KidJson.swift in Sources */ = {isa = PBXBuildFile; fileRef = 6D62BA961CCEF846009D6061 /* KidJson.swift */; };
		6D62BA9B1CCEF865009D6061 /* Person.swift in Sources */ = {isa = PBXBuildFile; fileRef = 6D62BA9A1CCEF865009D6061 /* Person.swift */; };
/* End PBXBuildFile section */

/* Begin PBXFileReference section */
		6D62BA7D1CCEF823009D6061 /* KidJson.app */ = {isa = PBXFileReference; explicitFileType = wrapper.application; includeInIndex = 0; path = KidJson.app; sourceTree = BUILT_PRODUCTS_DIR; };
		6D62BA801CCEF823009D6061 /* AppDelegate.swift */ = {isa = PBXFileReference; lastKnownFileType = sourcecode.swift; path = AppDelegate.swift; sourceTree = "<group>"; };
		6D62BA821CCEF823009D6061 /* ViewController.swift */ = {isa = PBXFileReference; lastKnownFileType = sourcecode.swift; path = ViewController.swift; sourceTree = "<group>"; };
		6D62BA851CCEF823009D6061 /* Base */ = {isa = PBXFileReference; lastKnownFileType = file.storyboard; name = Base; path = Base.lproj/Main.storyboard; sourceTree = "<group>"; };
		6D62BA881CCEF823009D6061 /* KidJson.xcdatamodel */ = {isa = PBXFileReference; lastKnownFileType = wrapper.xcdatamodel; path = KidJson.xcdatamodel; sourceTree = "<group>"; };
		6D62BA8A1CCEF823009D6061 /* Assets.xcassets */ = {isa = PBXFileReference; lastKnownFileType = folder.assetcatalog; path = Assets.xcassets; sourceTree = "<group>"; };
		6D62BA8D1CCEF823009D6061 /* Base */ = {isa = PBXFileReference; lastKnownFileType = file.storyboard; name = Base; path = Base.lproj/LaunchScreen.storyboard; sourceTree = "<group>"; };
		6D62BA8F1CCEF823009D6061 /* Info.plist */ = {isa = PBXFileReference; lastKnownFileType = text.plist.xml; path = Info.plist; sourceTree = "<group>"; };
		6D62BA961CCEF846009D6061 /* KidJson.swift */ = {isa = PBXFileReference; fileEncoding = 4; lastKnownFileType = sourcecode.swift; path = KidJson.swift; sourceTree = "<group>"; };
		6D62BA9A1CCEF865009D6061 /* Person.swift */ = {isa = PBXFileReference; fileEncoding = 4; lastKnownFileType = sourcecode.swift; path = Person.swift; sourceTree = "<group>"; };
/* End PBXFileReference section */

/* Begin PBXFrameworksBuildPhase section */
		6D62BA7A1CCEF823009D6061 /* Frameworks */ = {
			isa = PBXFrameworksBuildPhase;
			buildActionMask = 2147483647;
			files = (
			);
			runOnlyForDeploymentPostprocessing = 0;
		};
/* End PBXFrameworksBuildPhase section */

/* Begin PBXGroup section */
		6D62BA741CCEF823009D6061 = {
			isa = PBXGroup;
			children = (
				6D62BA7F1CCEF823009D6061 /* KidJson */,
				6D62BA7E1CCEF823009D6061 /* Products */,
			);
			sourceTree = "<group>";
		};
		6D62BA7E1CCEF823009D6061 /* Products */ = {
			isa = PBXGroup;
			children = (
				6D62BA7D1CCEF823009D6061 /* KidJson.app */,
			);
			name = Products;
			sourceTree = "<group>";
		};
		6D62BA7F1CCEF823009D6061 /* KidJson */ = {
			isa = PBXGroup;
			children = (
				6D62BA9A1CCEF865009D6061 /* Person.swift */,
				6D62BA951CCEF846009D6061 /* KidJson */,
				6D62BA801CCEF823009D6061 /* AppDelegate.swift */,
				6D62BA821CCEF823009D6061 /* ViewController.swift */,
				6D62BA841CCEF823009D6061 /* Main.storyboard */,
				6D62BA8A1CCEF823009D6061 /* Assets.xcassets */,
				6D62BA8C1CCEF823009D6061 /* LaunchScreen.storyboard */,
				6D62BA8F1CCEF823009D6061 /* Info.plist */,
				6D62BA871CCEF823009D6061 /* KidJson.xcdatamodeld */,
			);
			path = KidJson;
			sourceTree = "<group>";
		};
		6D62BA951CCEF846009D6061 /* KidJson */ = {
			isa = PBXGroup;
			children = (
				6D62BA961CCEF846009D6061 /* KidJson.swift */,
			);
			path = KidJson;
			sourceTree = "<group>";
		};
/* End PBXGroup section */

/* Begin PBXNativeTarget section */
		6D62BA7C1CCEF823009D6061 /* KidJson */ = {
			isa = PBXNativeTarget;
			buildConfigurationList = 6D62BA921CCEF823009D6061 /* Build configuration list for PBXNativeTarget "KidJson" */;
			buildPhases = (
				6D62BA791CCEF823009D6061 /* Sources */,
				6D62BA7A1CCEF823009D6061 /* Frameworks */,
				6D62BA7B1CCEF823009D6061 /* Resources */,
			);
			buildRules = (
			);
			dependencies = (
			);
			name = KidJson;
			productName = KidJson;
			productReference = 6D62BA7D1CCEF823009D6061 /* KidJson.app */;
			productType = "com.apple.product-type.application";
		};
/* End PBXNativeTarget section */

/* Begin PBXProject section */
		6D62BA751CCEF823009D6061 /* Project object */ = {
			isa = PBXProject;
			attributes = {
				LastSwiftUpdateCheck = 0730;
				LastUpgradeCheck = 0730;
				ORGANIZATIONNAME = Kid;
				TargetAttributes = {
					6D62BA7C1CCEF823009D6061 = {
						CreatedOnToolsVersion = 7.3;
					};
				};
			};
			buildConfigurationList = 6D62BA781CCEF823009D6061 /* Build configuration list for PBXProject "KidJson" */;
			compatibilityVersion = "Xcode 3.2";
			developmentRegion = English;
			hasScannedForEncodings = 0;
			knownRegions = (
				en,
				Base,
			);
			mainGroup = 6D62BA741CCEF823009D6061;
			productRefGroup = 6D62BA7E1CCEF823009D6061 /* Products */;
			projectDirPath = "";
			projectRoot = "";
			targets = (
				6D62BA7C1CCEF823009D6061 /* KidJson */,
			);
		};
/* End PBXProject section */

/* Begin PBXResourcesBuildPhase section */
		6D62BA7B1CCEF823009D6061 /* Resources */ = {
			isa = PBXResourcesBuildPhase;
			buildActionMask = 2147483647;
			files = (
				6D62BA8E1CCEF823009D6061 /* LaunchScreen.storyboard in Resources */,
				6D62BA8B1CCEF823009D6061 /* Assets.xcassets in Resources */,
				6D62BA861CCEF823009D6061 /* Main.storyboard in Resources */,
			);
			runOnlyForDeploymentPostprocessing = 0;
		};
/* End PBXResourcesBuildPhase section */

/* Begin PBXSourcesBuildPhase section */
		6D62BA791CCEF823009D6061 /* Sources */ = {
			isa = PBXSourcesBuildPhase;
			buildActionMask = 2147483647;
			files = (
				6D62BA9B1CCEF865009D6061 /* Person.swift in Sources */,
				6D62BA831CCEF823009D6061 /* ViewController.swift in Sources */,
				6D62BA891CCEF823009D6061 /* KidJson.xcdatamodeld in Sources */,
				6D62BA981CCEF846009D6061 /* KidJson.swift in Sources */,
				6D62BA811CCEF823009D6061 /* AppDelegate.swift in Sources */,
			);
			runOnlyForDeploymentPostprocessing = 0;
		};
/* End PBXSourcesBuildPhase section */

/* Begin PBXVariantGroup section */
		6D62BA841CCEF823009D6061 /* Main.storyboard */ = {
			isa = PBXVariantGroup;
			children = (
				6D62BA851CCEF823009D6061 /* Base */,
			);
			name = Main.storyboard;
			sourceTree = "<group>";
		};
		6D62BA8C1CCEF823009D6061 /* LaunchScreen.storyboard */ = {
			isa = PBXVariantGroup;
			children = (
				6D62BA8D1CCEF823009D6061 /* Base */,
			);
			name = LaunchScreen.storyboard;
			sourceTree = "<group>";
		};
/* End PBXVariantGroup section */

/* Begin XCBuildConfiguration section */
		6D62BA901CCEF823009D6061 /* Debug */ = {
			isa = XCBuildConfiguration;
			buildSettings = {
				ALWAYS_SEARCH_USER_PATHS = NO;
				CLANG_ANALYZER_NONNULL = YES;
				CLANG_CXX_LANGUAGE_STANDARD = "gnu++0x";
				CLANG_CXX_LIBRARY = "libc++";
				CLANG_ENABLE_MODULES = YES;
				CLANG_ENABLE_OBJC_ARC = YES;
				CLANG_WARN_BOOL_CONVERSION = YES;
				CLANG_WARN_CONSTANT_CONVERSION = YES;
				CLANG_WARN_DIRECT_OBJC_ISA_USAGE = YES_ERROR;
				CLANG_WARN_EMPTY_BODY = YES;
				CLANG_WARN_ENUM_CONVERSION = YES;
				CLANG_WARN_INT_CONVERSION = YES;
				CLANG_WARN_OBJC_ROOT_CLASS = YES_ERROR;
				CLANG_WARN_UNREACHABLE_CODE = YES;
				CLANG_WARN__DUPLICATE_METHOD_MATCH = YES;
				"CODE_SIGN_IDENTITY[sdk=iphoneos*]" = "iPhone Developer";
				COPY_PHASE_STRIP = NO;
				DEBUG_INFORMATION_FORMAT = dwarf;
				ENABLE_STRICT_OBJC_MSGSEND = YES;
				ENABLE_TESTABILITY = YES;
				GCC_C_LANGUAGE_STANDARD = gnu99;
				GCC_DYNAMIC_NO_PIC = NO;
				GCC_NO_COMMON_BLOCKS = YES;
				GCC_OPTIMIZATION_LEVEL = 0;
				GCC_PREPROCESSOR_DEFINITIONS = (
					"DEBUG=1",
					"$(inherited)",
				);
				GCC_WARN_64_TO_32_BIT_CONVERSION = YES;
				GCC_WARN_ABOUT_RETURN_TYPE = YES_ERROR;
				GCC_WARN_UNDECLARED_SELECTOR = YES;
				GCC_WARN_UNINITIALIZED_AUTOS = YES_AGGRESSIVE;
				GCC_WARN_UNUSED_FUNCTION = YES;
				GCC_WARN_UNUSED_VARIABLE = YES;
				IPHONEOS_DEPLOYMENT_TARGET = 9.3;
				MTL_ENABLE_DEBUG_INFO = YES;
				ONLY_ACTIVE_ARCH = YES;
				SDKROOT = iphoneos;
				SWIFT_OPTIMIZATION_LEVEL = "-Onone";
				TARGETED_DEVICE_FAMILY = "1,2";
			};
			name = Debug;
		};
		6D62BA911CCEF823009D6061 /* Release */ = {
			isa = XCBuildConfiguration;
			buildSettings = {
				ALWAYS_SEARCH_USER_PATHS = NO;
				CLANG_ANALYZER_NONNULL = YES;
				CLANG_CXX_LANGUAGE_STANDARD = "gnu++0x";
				CLANG_CXX_LIBRARY = "libc++";
				CLANG_ENABLE_MODULES = YES;
				CLANG_ENABLE_OBJC_ARC = YES;
				CLANG_WARN_BOOL_CONVERSION = YES;
				CLANG_WARN_CONSTANT_CONVERSION = YES;
				CLANG_WARN_DIRECT_OBJC_ISA_USAGE = YES_ERROR;
				CLANG_WARN_EMPTY_BODY = YES;
				CLANG_WARN_ENUM_CONVERSION = YES;
				CLANG_WARN_INT_CONVERSION = YES;
				CLANG_WARN_OBJC_ROOT_CLASS = YES_ERROR;
				CLANG_WARN_UNREACHABLE_CODE = YES;
				CLANG_WARN__DUPLICATE_METHOD_MATCH = YES;
				"CODE_SIGN_IDENTITY[sdk=iphoneos*]" = "iPhone Developer";
				COPY_PHASE_STRIP = NO;
				DEBUG_INFORMATION_FORMAT = "dwarf-with-dsym";
				ENABLE_NS_ASSERTIONS = NO;
				ENABLE_STRICT_OBJC_MSGSEND = YES;
				GCC_C_LANGUAGE_STANDARD = gnu99;
				GCC_NO_COMMON_BLOCKS = YES;
				GCC_WARN_64_TO_32_BIT_CONVERSION = YES;
				GCC_WARN_ABOUT_RETURN_TYPE = YES_ERROR;
				GCC_WARN_UNDECLARED_SELECTOR = YES;
				GCC_WARN_UNINITIALIZED_AUTOS = YES_AGGRESSIVE;
				GCC_WARN_UNUSED_FUNCTION = YES;
				GCC_WARN_UNUSED_VARIABLE = YES;
				IPHONEOS_DEPLOYMENT_TARGET = 9.3;
				MTL_ENABLE_DEBUG_INFO = NO;
				SDKROOT = iphoneos;
				TARGETED_DEVICE_FAMILY = "1,2";
				VALIDATE_PRODUCT = YES;
			};
			name = Release;
		};
		6D62BA931CCEF823009D6061 /* Debug */ = {
			isa = XCBuildConfiguration;
			buildSettings = {
				ASSETCATALOG_COMPILER_APPICON_NAME = AppIcon;
				INFOPLIST_FILE = KidJson/Info.plist;
				LD_RUNPATH_SEARCH_PATHS = "$(inherited) @executable_path/Frameworks";
				PRODUCT_BUNDLE_IDENTIFIER = com.kid.KidJson;
				PRODUCT_NAME = "$(TARGET_NAME)";
			};
			name = Debug;
		};
		6D62BA941CCEF823009D6061 /* Release */ = {
			isa = XCBuildConfiguration;
			buildSettings = {
				ASSETCATALOG_COMPILER_APPICON_NAME = AppIcon;
				INFOPLIST_FILE = KidJson/Info.plist;
				LD_RUNPATH_SEARCH_PATHS = "$(inherited) @executable_path/Frameworks";
				PRODUCT_BUNDLE_IDENTIFIER = com.kid.KidJson;
				PRODUCT_NAME = "$(TARGET_NAME)";
			};
			name = Release;
		};
/* End XCBuildConfiguration section */

/* Begin XCConfigurationList section */
		6D62BA781CCEF823009D6061 /* Build configuration list for PBXProject "KidJson" */ = {
			isa = XCConfigurationList;
			buildConfigurations = (
				6D62BA901CCEF823009D6061 /* Debug */,
				6D62BA911CCEF823009D6061 /* Release */,
			);
			defaultConfigurationIsVisible = 0;
			defaultConfigurationName = Release;
		};
		6D62BA921CCEF823009D6061 /* Build configuration list for PBXNativeTarget "KidJson" */ = {
			isa = XCConfigurationList;
			buildConfigurations = (
				6D62BA931CCEF823009D6061 /* Debug */,
				6D62BA941CCEF823009D6061 /* Release */,
			);
			defaultConfigurationIsVisible = 0;
		};
/* End XCConfigurationList section */

/* Begin XCVersionGroup section */
		6D62BA871CCEF823009D6061 /* KidJson.xcdatamodeld */ = {
			isa = XCVersionGroup;
			children = (
				6D62BA881CCEF823009D6061 /* KidJson.xcdatamodel */,
			);
			currentVersion = 6D62BA881CCEF823009D6061 /* KidJson.xcdatamodel */;
			path = KidJson.xcdatamodeld;
			sourceTree = "<group>";
			versionGroupType = wrapper.xcdatamodel;
		};
/* End XCVersionGroup section */
	};
	rootObject = 6D62BA751CCEF823009D6061 /* Project object */;
}
